
Microsoft Visual Studio Solution File, Format Version 12.00
# Visual Studio 14
VisualStudioVersion = 14.0.24720.0
MinimumVisualStudioVersion = 10.0.40219.1
Project("{FAE04EC0-301F-11D3-BF4B-00C04F79EFBC}") = "12-PaymentKiosk", "12-PaymentKiosk\12-PaymentKiosk.csproj", "{772B17F8-7813-4A70-8AED-0912C26385E0}"
EndProject
Project("{FAE04EC0-301F-11D3-BF4B-00C04F79EFBC}") = "PaymentKiosk.Core", "PaymentKiosk.Core\PaymentKiosk.Core.csproj", "{B86CBBE8-AF0B-42EA-8B67-4160A34EA292}"
EndProject
Global
	GlobalSection(SolutionConfigurationPlatforms) = preSolution
		Debug|Any CPU = Debug|Any CPU
		Release|Any CPU = Release|Any CPU
	EndGlobalSection
	GlobalSection(ProjectConfigurationPlatforms) = postSolution
		{772B17F8-7813-4A70-8AED-0912C26385E0}.Debug|Any CPU.ActiveCfg = Debug|Any CPU
		{772B17F8-7813-4A70-8AED-0912C26385E0}.Debug|Any CPU.Build.0 = Debug|Any CPU
		{772B17F8-7813-4A70-8AED-0912C26385E0}.Release|Any CPU.ActiveCfg = Release|Any CPU
		{772B17F8-7813-4A70-8AED-0912C26385E0}.Release|Any CPU.Build.0 = Release|Any CPU
		{B86CBBE8-AF0B-42EA-8B67-4160A34EA292}.Debug|Any CPU.ActiveCfg = Debug|Any CPU
		{B86CBBE8-AF0B-42EA-8B67-4160A34EA292}.Debug|Any CPU.Build.0 = Debug|Any CPU
		{B86CBBE8-AF0B-42EA-8B67-4160A34EA292}.Release|Any CPU.ActiveCfg = Release|Any CPU
		{B86CBBE8-AF0B-42EA-8B67-4160A34EA292}.Release|Any CPU.Build.0 = Release|Any CPU
	EndGlobalSection
	GlobalSection(SolutionProperties) = preSolution
		HideSolutionNode = FALSE
	EndGlobalSection
EndGlobal
